
Microsoft Visual Studio Solution File, Format Version 12.00
# Visual Studio Version 17
VisualStudioVersion = 17.2.32616.157
MinimumVisualStudioVersion = 10.0.40219.1
Project("{FAE04EC0-301F-11D3-BF4B-00C04F79EFBC}") = "Assignment1_a", "Assignment1_a.csproj", "{ED0ECD2E-A3FC-4B13-9F24-69745C55D985}"
EndProject
Global
	GlobalSection(SolutionConfigurationPlatforms) = preSolution
		Debug|Any CPU = Debug|Any CPU
		Release|Any CPU = Release|Any CPU
	EndGlobalSection
	GlobalSection(ProjectConfigurationPlatforms) = postSolution
		{ED0ECD2E-A3FC-4B13-9F24-69745C55D985}.Debug|Any CPU.ActiveCfg = Debug|Any CPU
		{ED0ECD2E-A3FC-4B13-9F24-69745C55D985}.Debug|Any CPU.Build.0 = Debug|Any CPU
		{ED0ECD2E-A3FC-4B13-9F24-69745C55D985}.Release|Any CPU.ActiveCfg = Release|Any CPU
		{ED0ECD2E-A3FC-4B13-9F24-69745C55D985}.Release|Any CPU.Build.0 = Release|Any CPU
	EndGlobalSection
	GlobalSection(SolutionProperties) = preSolution
		HideSolutionNode = FALSE
	EndGlobalSection
	GlobalSection(ExtensibilityGlobals) = postSolution
		SolutionGuid = {133A5552-4CD5-4F7E-AD73-4A358AB6CE77}
	EndGlobalSection
EndGlobal
