
Microsoft Visual Studio Solution File, Format Version 12.00
# Visual Studio Version 17
VisualStudioVersion = 17.2.32616.157
MinimumVisualStudioVersion = 10.0.40219.1
Project("{FAE04EC0-301F-11D3-BF4B-00C04F79EFBC}") = "Factory", "Factory\Factory.csproj", "{C8AAABE9-2A8E-4F72-9EF4-5F06AB90CC6A}"
EndProject
Global
	GlobalSection(SolutionConfigurationPlatforms) = preSolution
		Debug|Any CPU = Debug|Any CPU
		Release|Any CPU = Release|Any CPU
	EndGlobalSection
	GlobalSection(ProjectConfigurationPlatforms) = postSolution
		{C8AAABE9-2A8E-4F72-9EF4-5F06AB90CC6A}.Debug|Any CPU.ActiveCfg = Debug|Any CPU
		{C8AAABE9-2A8E-4F72-9EF4-5F06AB90CC6A}.Debug|Any CPU.Build.0 = Debug|Any CPU
		{C8AAABE9-2A8E-4F72-9EF4-5F06AB90CC6A}.Release|Any CPU.ActiveCfg = Release|Any CPU
		{C8AAABE9-2A8E-4F72-9EF4-5F06AB90CC6A}.Release|Any CPU.Build.0 = Release|Any CPU
	EndGlobalSection
	GlobalSection(SolutionProperties) = preSolution
		HideSolutionNode = FALSE
	EndGlobalSection
	GlobalSection(ExtensibilityGlobals) = postSolution
		SolutionGuid = {3DBCEBC7-B3A2-493C-8CFF-69F7D6659E76}
	EndGlobalSection
EndGlobal
