
Microsoft Visual Studio Solution File, Format Version 12.00
# Visual Studio Version 17
VisualStudioVersion = 17.2.32616.157
MinimumVisualStudioVersion = 10.0.40219.1
Project("{FAE04EC0-301F-11D3-BF4B-00C04F79EFBC}") = "FactoryAssignment", "FactoryAssignment.csproj", "{2666ED6A-F9D8-420E-80A0-606A9C1890DC}"
EndProject
Global
	GlobalSection(SolutionConfigurationPlatforms) = preSolution
		Debug|Any CPU = Debug|Any CPU
		Release|Any CPU = Release|Any CPU
	EndGlobalSection
	GlobalSection(ProjectConfigurationPlatforms) = postSolution
		{2666ED6A-F9D8-420E-80A0-606A9C1890DC}.Debug|Any CPU.ActiveCfg = Debug|Any CPU
		{2666ED6A-F9D8-420E-80A0-606A9C1890DC}.Debug|Any CPU.Build.0 = Debug|Any CPU
		{2666ED6A-F9D8-420E-80A0-606A9C1890DC}.Release|Any CPU.ActiveCfg = Release|Any CPU
		{2666ED6A-F9D8-420E-80A0-606A9C1890DC}.Release|Any CPU.Build.0 = Release|Any CPU
	EndGlobalSection
	GlobalSection(SolutionProperties) = preSolution
		HideSolutionNode = FALSE
	EndGlobalSection
	GlobalSection(ExtensibilityGlobals) = postSolution
		SolutionGuid = {2851EED1-C8EE-420A-A68C-C70249902275}
	EndGlobalSection
EndGlobal
