
Microsoft Visual Studio Solution File, Format Version 12.00
# Visual Studio Version 17
VisualStudioVersion = 17.2.32616.157
MinimumVisualStudioVersion = 10.0.40219.1
Project("{FAE04EC0-301F-11D3-BF4B-00C04F79EFBC}") = "Dishant_Lodaliya_DesignPatterns", "Dishant_Lodaliya_DesignPatterns.csproj", "{104D8B74-85D4-4FB9-8E27-E1B3FBE7FFD3}"
EndProject
Global
	GlobalSection(SolutionConfigurationPlatforms) = preSolution
		Debug|Any CPU = Debug|Any CPU
		Release|Any CPU = Release|Any CPU
	EndGlobalSection
	GlobalSection(ProjectConfigurationPlatforms) = postSolution
		{104D8B74-85D4-4FB9-8E27-E1B3FBE7FFD3}.Debug|Any CPU.ActiveCfg = Debug|Any CPU
		{104D8B74-85D4-4FB9-8E27-E1B3FBE7FFD3}.Debug|Any CPU.Build.0 = Debug|Any CPU
		{104D8B74-85D4-4FB9-8E27-E1B3FBE7FFD3}.Release|Any CPU.ActiveCfg = Release|Any CPU
		{104D8B74-85D4-4FB9-8E27-E1B3FBE7FFD3}.Release|Any CPU.Build.0 = Release|Any CPU
	EndGlobalSection
	GlobalSection(SolutionProperties) = preSolution
		HideSolutionNode = FALSE
	EndGlobalSection
	GlobalSection(ExtensibilityGlobals) = postSolution
		SolutionGuid = {8F808F3C-E1BE-4D11-9E40-D8D95926CAAE}
	EndGlobalSection
EndGlobal
