
Microsoft Visual Studio Solution File, Format Version 12.00
# Visual Studio Version 17
VisualStudioVersion = 17.2.32616.157
MinimumVisualStudioVersion = 10.0.40219.1
Project("{FAE04EC0-301F-11D3-BF4B-00C04F79EFBC}") = "Builder_Assignment", "Builder_Assignment.csproj", "{24DCA631-8E7B-43FE-8D3A-03741D90D303}"
EndProject
Global
	GlobalSection(SolutionConfigurationPlatforms) = preSolution
		Debug|Any CPU = Debug|Any CPU
		Release|Any CPU = Release|Any CPU
	EndGlobalSection
	GlobalSection(ProjectConfigurationPlatforms) = postSolution
		{24DCA631-8E7B-43FE-8D3A-03741D90D303}.Debug|Any CPU.ActiveCfg = Debug|Any CPU
		{24DCA631-8E7B-43FE-8D3A-03741D90D303}.Debug|Any CPU.Build.0 = Debug|Any CPU
		{24DCA631-8E7B-43FE-8D3A-03741D90D303}.Release|Any CPU.ActiveCfg = Release|Any CPU
		{24DCA631-8E7B-43FE-8D3A-03741D90D303}.Release|Any CPU.Build.0 = Release|Any CPU
	EndGlobalSection
	GlobalSection(SolutionProperties) = preSolution
		HideSolutionNode = FALSE
	EndGlobalSection
	GlobalSection(ExtensibilityGlobals) = postSolution
		SolutionGuid = {7CB6C8B6-C7D5-4C67-A415-4379B5C58998}
	EndGlobalSection
EndGlobal
