
Microsoft Visual Studio Solution File, Format Version 12.00
# Visual Studio Version 17
VisualStudioVersion = 17.2.32616.157
MinimumVisualStudioVersion = 10.0.40219.1
Project("{FAE04EC0-301F-11D3-BF4B-00C04F79EFBC}") = "Question_2", "Question_2.csproj", "{D24BA10E-C0F2-4392-9BCE-8C639AE6FF52}"
EndProject
Global
	GlobalSection(SolutionConfigurationPlatforms) = preSolution
		Debug|Any CPU = Debug|Any CPU
		Release|Any CPU = Release|Any CPU
	EndGlobalSection
	GlobalSection(ProjectConfigurationPlatforms) = postSolution
		{D24BA10E-C0F2-4392-9BCE-8C639AE6FF52}.Debug|Any CPU.ActiveCfg = Debug|Any CPU
		{D24BA10E-C0F2-4392-9BCE-8C639AE6FF52}.Debug|Any CPU.Build.0 = Debug|Any CPU
		{D24BA10E-C0F2-4392-9BCE-8C639AE6FF52}.Release|Any CPU.ActiveCfg = Release|Any CPU
		{D24BA10E-C0F2-4392-9BCE-8C639AE6FF52}.Release|Any CPU.Build.0 = Release|Any CPU
	EndGlobalSection
	GlobalSection(SolutionProperties) = preSolution
		HideSolutionNode = FALSE
	EndGlobalSection
	GlobalSection(ExtensibilityGlobals) = postSolution
		SolutionGuid = {8C42FC9A-07D9-41BE-8732-749B3C0DF6C6}
	EndGlobalSection
EndGlobal
