
Microsoft Visual Studio Solution File, Format Version 12.00
# Visual Studio Version 17
VisualStudioVersion = 17.2.32616.157
MinimumVisualStudioVersion = 10.0.40219.1
Project("{FAE04EC0-301F-11D3-BF4B-00C04F79EFBC}") = "BuilderAssignment", "BuilderAssignment.csproj", "{7B440FCB-3ADA-4C6A-9AC4-27F56C8DB1DB}"
EndProject
Global
	GlobalSection(SolutionConfigurationPlatforms) = preSolution
		Debug|Any CPU = Debug|Any CPU
		Release|Any CPU = Release|Any CPU
	EndGlobalSection
	GlobalSection(ProjectConfigurationPlatforms) = postSolution
		{7B440FCB-3ADA-4C6A-9AC4-27F56C8DB1DB}.Debug|Any CPU.ActiveCfg = Debug|Any CPU
		{7B440FCB-3ADA-4C6A-9AC4-27F56C8DB1DB}.Debug|Any CPU.Build.0 = Debug|Any CPU
		{7B440FCB-3ADA-4C6A-9AC4-27F56C8DB1DB}.Release|Any CPU.ActiveCfg = Release|Any CPU
		{7B440FCB-3ADA-4C6A-9AC4-27F56C8DB1DB}.Release|Any CPU.Build.0 = Release|Any CPU
	EndGlobalSection
	GlobalSection(SolutionProperties) = preSolution
		HideSolutionNode = FALSE
	EndGlobalSection
	GlobalSection(ExtensibilityGlobals) = postSolution
		SolutionGuid = {124FAA49-0303-4002-B088-51F2E6FB093B}
	EndGlobalSection
EndGlobal
